// !$*UTF8*$!
{
	archiveVersion = 1;
	classes = {
	};
	objectVersion = 50;
	objects = {

/* Begin PBXBuildFile section */
		929CD1C72263970F00AC4348 /* AppDelegate.swift in Sources */ = {isa = PBXBuildFile; fileRef = 929CD1C62263970F00AC4348 /* AppDelegate.swift */; };
		929CD1C92263970F00AC4348 /* ViewController.swift in Sources */ = {isa = PBXBuildFile; fileRef = 929CD1C82263970F00AC4348 /* ViewController.swift */; };
		929CD1CC2263971000AC4348 /* Main.storyboard in Resources */ = {isa = PBXBuildFile; fileRef = 929CD1CA2263971000AC4348 /* Main.storyboard */; };
		929CD1CE2263971000AC4348 /* Assets.xcassets in Resources */ = {isa = PBXBuildFile; fileRef = 929CD1CD2263971000AC4348 /* Assets.xcassets */; };
		929CD1D12263971000AC4348 /* LaunchScreen.storyboard in Resources */ = {isa = PBXBuildFile; fileRef = 929CD1CF2263971000AC4348 /* LaunchScreen.storyboard */; };
		929CD1DC2263971000AC4348 /* RPSTests.swift in Sources */ = {isa = PBXBuildFile; fileRef = 929CD1DB2263971000AC4348 /* RPSTests.swift */; };
		929CD1E7226397D000AC4348 /* GameState.swift in Sources */ = {isa = PBXBuildFile; fileRef = 929CD1E6226397D000AC4348 /* GameState.swift */; };
		929CD1E9226397F800AC4348 /* Sign.swift in Sources */ = {isa = PBXBuildFile; fileRef = 929CD1E8226397F800AC4348 /* Sign.swift */; };
/* End PBXBuildFile section */

/* Begin PBXContainerItemProxy section */
		929CD1D82263971000AC4348 /* PBXContainerItemProxy */ = {
			isa = PBXContainerItemProxy;
			containerPortal = 929CD1BB2263970F00AC4348 /* Project object */;
			proxyType = 1;
			remoteGlobalIDString = 929CD1C22263970F00AC4348;
			remoteInfo = RPS;
		};
/* End PBXContainerItemProxy section */

/* Begin PBXFileReference section */
		929CD1C32263970F00AC4348 /* RPS.app */ = {isa = PBXFileReference; explicitFileType = wrapper.application; includeInIndex = 0; path = RPS.app; sourceTree = BUILT_PRODUCTS_DIR; };
		929CD1C62263970F00AC4348 /* AppDelegate.swift */ = {isa = PBXFileReference; lastKnownFileType = sourcecode.swift; path = AppDelegate.swift; sourceTree = "<group>"; };
		929CD1C82263970F00AC4348 /* ViewController.swift */ = {isa = PBXFileReference; lastKnownFileType = sourcecode.swift; path = ViewController.swift; sourceTree = "<group>"; };
		929CD1CB2263971000AC4348 /* Base */ = {isa = PBXFileReference; lastKnownFileType = file.storyboard; name = Base; path = Base.lproj/Main.storyboard; sourceTree = "<group>"; };
		929CD1CD2263971000AC4348 /* Assets.xcassets */ = {isa = PBXFileReference; lastKnownFileType = folder.assetcatalog; path = Assets.xcassets; sourceTree = "<group>"; };
		929CD1D02263971000AC4348 /* Base */ = {isa = PBXFileReference; lastKnownFileType = file.storyboard; name = Base; path = Base.lproj/LaunchScreen.storyboard; sourceTree = "<group>"; };
		929CD1D22263971000AC4348 /* Info.plist */ = {isa = PBXFileReference; lastKnownFileType = text.plist.xml; path = Info.plist; sourceTree = "<group>"; };
		929CD1D72263971000AC4348 /* RPSTests.xctest */ = {isa = PBXFileReference; explicitFileType = wrapper.cfbundle; includeInIndex = 0; path = RPSTests.xctest; sourceTree = BUILT_PRODUCTS_DIR; };
		929CD1DB2263971000AC4348 /* RPSTests.swift */ = {isa = PBXFileReference; lastKnownFileType = sourcecode.swift; path = RPSTests.swift; sourceTree = "<group>"; };
		929CD1DD2263971000AC4348 /* Info.plist */ = {isa = PBXFileReference; lastKnownFileType = text.plist.xml; path = Info.plist; sourceTree = "<group>"; };
		929CD1E6226397D000AC4348 /* GameState.swift */ = {isa = PBXFileReference; lastKnownFileType = sourcecode.swift; path = GameState.swift; sourceTree = "<group>"; };
		929CD1E8226397F800AC4348 /* Sign.swift */ = {isa = PBXFileReference; lastKnownFileType = sourcecode.swift; path = Sign.swift; sourceTree = "<group>"; };
/* End PBXFileReference section */

/* Begin PBXFrameworksBuildPhase section */
		929CD1C02263970F00AC4348 /* Frameworks */ = {
			isa = PBXFrameworksBuildPhase;
			buildActionMask = 2147483647;
			files = (
			);
			runOnlyForDeploymentPostprocessing = 0;
		};
		929CD1D42263971000AC4348 /* Frameworks */ = {
			isa = PBXFrameworksBuildPhase;
			buildActionMask = 2147483647;
			files = (
			);
			runOnlyForDeploymentPostprocessing = 0;
		};
/* End PBXFrameworksBuildPhase section */

/* Begin PBXGroup section */
		929CD1BA2263970F00AC4348 = {
			isa = PBXGroup;
			children = (
				929CD1C52263970F00AC4348 /* RPS */,
				929CD1DA2263971000AC4348 /* RPSTests */,
				929CD1C42263970F00AC4348 /* Products */,
			);
			sourceTree = "<group>";
		};
		929CD1C42263970F00AC4348 /* Products */ = {
			isa = PBXGroup;
			children = (
				929CD1C32263970F00AC4348 /* RPS.app */,
				929CD1D72263971000AC4348 /* RPSTests.xctest */,
			);
			name = Products;
			sourceTree = "<group>";
		};
		929CD1C52263970F00AC4348 /* RPS */ = {
			isa = PBXGroup;
			children = (
				929CD1C62263970F00AC4348 /* AppDelegate.swift */,
				929CD1C82263970F00AC4348 /* ViewController.swift */,
				929CD1CA2263971000AC4348 /* Main.storyboard */,
				929CD1CD2263971000AC4348 /* Assets.xcassets */,
				929CD1CF2263971000AC4348 /* LaunchScreen.storyboard */,
				929CD1D22263971000AC4348 /* Info.plist */,
				929CD1E6226397D000AC4348 /* GameState.swift */,
				929CD1E8226397F800AC4348 /* Sign.swift */,
			);
			path = RPS;
			sourceTree = "<group>";
		};
		929CD1DA2263971000AC4348 /* RPSTests */ = {
			isa = PBXGroup;
			children = (
				929CD1DB2263971000AC4348 /* RPSTests.swift */,
				929CD1DD2263971000AC4348 /* Info.plist */,
			);
			path = RPSTests;
			sourceTree = "<group>";
		};
/* End PBXGroup section */

/* Begin PBXNativeTarget section */
		929CD1C22263970F00AC4348 /* RPS */ = {
			isa = PBXNativeTarget;
			buildConfigurationList = 929CD1E02263971000AC4348 /* Build configuration list for PBXNativeTarget "RPS" */;
			buildPhases = (
				929CD1BF2263970F00AC4348 /* Sources */,
				929CD1C02263970F00AC4348 /* Frameworks */,
				929CD1C12263970F00AC4348 /* Resources */,
			);
			buildRules = (
			);
			dependencies = (
			);
			name = RPS;
			productName = RPS;
			productReference = 929CD1C32263970F00AC4348 /* RPS.app */;
			productType = "com.apple.product-type.application";
		};
		929CD1D62263971000AC4348 /* RPSTests */ = {
			isa = PBXNativeTarget;
			buildConfigurationList = 929CD1E32263971000AC4348 /* Build configuration list for PBXNativeTarget "RPSTests" */;
			buildPhases = (
				929CD1D32263971000AC4348 /* Sources */,
				929CD1D42263971000AC4348 /* Frameworks */,
				929CD1D52263971000AC4348 /* Resources */,
			);
			buildRules = (
			);
			dependencies = (
				929CD1D92263971000AC4348 /* PBXTargetDependency */,
			);
			name = RPSTests;
			productName = RPSTests;
			productReference = 929CD1D72263971000AC4348 /* RPSTests.xctest */;
			productType = "com.apple.product-type.bundle.unit-test";
		};
/* End PBXNativeTarget section */

/* Begin PBXProject section */
		929CD1BB2263970F00AC4348 /* Project object */ = {
			isa = PBXProject;
			attributes = {
				LastSwiftUpdateCheck = 1020;
				LastUpgradeCheck = 1020;
				ORGANIZATIONNAME = "Anthony Marchenko";
				TargetAttributes = {
					929CD1C22263970F00AC4348 = {
						CreatedOnToolsVersion = 10.2;
					};
					929CD1D62263971000AC4348 = {
						CreatedOnToolsVersion = 10.2;
						TestTargetID = 929CD1C22263970F00AC4348;
					};
				};
			};
			buildConfigurationList = 929CD1BE2263970F00AC4348 /* Build configuration list for PBXProject "RPS" */;
			compatibilityVersion = "Xcode 9.3";
			developmentRegion = en;
			hasScannedForEncodings = 0;
			knownRegions = (
				en,
				Base,
			);
			mainGroup = 929CD1BA2263970F00AC4348;
			productRefGroup = 929CD1C42263970F00AC4348 /* Products */;
			projectDirPath = "";
			projectRoot = "";
			targets = (
				929CD1C22263970F00AC4348 /* RPS */,
				929CD1D62263971000AC4348 /* RPSTests */,
			);
		};
/* End PBXProject section */

/* Begin PBXResourcesBuildPhase section */
		929CD1C12263970F00AC4348 /* Resources */ = {
			isa = PBXResourcesBuildPhase;
			buildActionMask = 2147483647;
			files = (
				929CD1D12263971000AC4348 /* LaunchScreen.storyboard in Resources */,
				929CD1CE2263971000AC4348 /* Assets.xcassets in Resources */,
				929CD1CC2263971000AC4348 /* Main.storyboard in Resources */,
			);
			runOnlyForDeploymentPostprocessing = 0;
		};
		929CD1D52263971000AC4348 /* Resources */ = {
			isa = PBXResourcesBuildPhase;
			buildActionMask = 2147483647;
			files = (
			);
			runOnlyForDeploymentPostprocessing = 0;
		};
/* End PBXResourcesBuildPhase section */

/* Begin PBXSourcesBuildPhase section */
		929CD1BF2263970F00AC4348 /* Sources */ = {
			isa = PBXSourcesBuildPhase;
			buildActionMask = 2147483647;
			files = (
				929CD1E7226397D000AC4348 /* GameState.swift in Sources */,
				929CD1C92263970F00AC4348 /* ViewController.swift in Sources */,
				929CD1E9226397F800AC4348 /* Sign.swift in Sources */,
				929CD1C72263970F00AC4348 /* AppDelegate.swift in Sources */,
			);
			runOnlyForDeploymentPostprocessing = 0;
		};
		929CD1D32263971000AC4348 /* Sources */ = {
			isa = PBXSourcesBuildPhase;
			buildActionMask = 2147483647;
			files = (
				929CD1DC2263971000AC4348 /* RPSTests.swift in Sources */,
			);
			runOnlyForDeploymentPostprocessing = 0;
		};
/* End PBXSourcesBuildPhase section */

/* Begin PBXTargetDependency section */
		929CD1D92263971000AC4348 /* PBXTargetDependency */ = {
			isa = PBXTargetDependency;
			target = 929CD1C22263970F00AC4348 /* RPS */;
			targetProxy = 929CD1D82263971000AC4348 /* PBXContainerItemProxy */;
		};
/* End PBXTargetDependency section */

/* Begin PBXVariantGroup section */
		929CD1CA2263971000AC4348 /* Main.storyboard */ = {
			isa = PBXVariantGroup;
			children = (
				929CD1CB2263971000AC4348 /* Base */,
			);
			name = Main.storyboard;
			sourceTree = "<group>";
		};
		929CD1CF2263971000AC4348 /* LaunchScreen.storyboard */ = {
			isa = PBXVariantGroup;
			children = (
				929CD1D02263971000AC4348 /* Base */,
			);
			name = LaunchScreen.storyboard;
			sourceTree = "<group>";
		};
/* End PBXVariantGroup section */

/* Begin XCBuildConfiguration section */
		929CD1DE2263971000AC4348 /* Debug */ = {
			isa = XCBuildConfiguration;
			buildSettings = {
				ALWAYS_SEARCH_USER_PATHS = NO;
				CLANG_ANALYZER_NONNULL = YES;
				CLANG_ANALYZER_NUMBER_OBJECT_CONVERSION = YES_AGGRESSIVE;
				CLANG_CXX_LANGUAGE_STANDARD = "gnu++14";
				CLANG_CXX_LIBRARY = "libc++";
				CLANG_ENABLE_MODULES = YES;
				CLANG_ENABLE_OBJC_ARC = YES;
				CLANG_ENABLE_OBJC_WEAK = YES;
				CLANG_WARN_BLOCK_CAPTURE_AUTORELEASING = YES;
				CLANG_WARN_BOOL_CONVERSION = YES;
				CLANG_WARN_COMMA = YES;
				CLANG_WARN_CONSTANT_CONVERSION = YES;
				CLANG_WARN_DEPRECATED_OBJC_IMPLEMENTATIONS = YES;
				CLANG_WARN_DIRECT_OBJC_ISA_USAGE = YES_ERROR;
				CLANG_WARN_DOCUMENTATION_COMMENTS = YES;
				CLANG_WARN_EMPTY_BODY = YES;
				CLANG_WARN_ENUM_CONVERSION = YES;
				CLANG_WARN_INFINITE_RECURSION = YES;
				CLANG_WARN_INT_CONVERSION = YES;
				CLANG_WARN_NON_LITERAL_NULL_CONVERSION = YES;
				CLANG_WARN_OBJC_IMPLICIT_RETAIN_SELF = YES;
				CLANG_WARN_OBJC_LITERAL_CONVERSION = YES;
				CLANG_WARN_OBJC_ROOT_CLASS = YES_ERROR;
				CLANG_WARN_RANGE_LOOP_ANALYSIS = YES;
				CLANG_WARN_STRICT_PROTOTYPES = YES;
				CLANG_WARN_SUSPICIOUS_MOVE = YES;
				CLANG_WARN_UNGUARDED_AVAILABILITY = YES_AGGRESSIVE;
				CLANG_WARN_UNREACHABLE_CODE = YES;
				CLANG_WARN__DUPLICATE_METHOD_MATCH = YES;
				CODE_SIGN_IDENTITY = "iPhone Developer";
				COPY_PHASE_STRIP = NO;
				DEBUG_INFORMATION_FORMAT = dwarf;
				ENABLE_STRICT_OBJC_MSGSEND = YES;
				ENABLE_TESTABILITY = YES;
				GCC_C_LANGUAGE_STANDARD = gnu11;
				GCC_DYNAMIC_NO_PIC = NO;
				GCC_NO_COMMON_BLOCKS = YES;
				GCC_OPTIMIZATION_LEVEL = 0;
				GCC_PREPROCESSOR_DEFINITIONS = (
					"DEBUG=1",
					"$(inherited)",
				);
				GCC_WARN_64_TO_32_BIT_CONVERSION = YES;
				GCC_WARN_ABOUT_RETURN_TYPE = YES_ERROR;
				GCC_WARN_UNDECLARED_SELECTOR = YES;
				GCC_WARN_UNINITIALIZED_AUTOS = YES_AGGRESSIVE;
				GCC_WARN_UNUSED_FUNCTION = YES;
				GCC_WARN_UNUSED_VARIABLE = YES;
				IPHONEOS_DEPLOYMENT_TARGET = 12.2;
				MTL_ENABLE_DEBUG_INFO = INCLUDE_SOURCE;
				MTL_FAST_MATH = YES;
				ONLY_ACTIVE_ARCH = YES;
				SDKROOT = iphoneos;
				SWIFT_ACTIVE_COMPILATION_CONDITIONS = DEBUG;
				SWIFT_OPTIMIZATION_LEVEL = "-Onone";
			};
			name = Debug;
		};
		929CD1DF2263971000AC4348 /* Release */ = {
			isa = XCBuildConfiguration;
			buildSettings = {
				ALWAYS_SEARCH_USER_PATHS = NO;
				CLANG_ANALYZER_NONNULL = YES;
				CLANG_ANALYZER_NUMBER_OBJECT_CONVERSION = YES_AGGRESSIVE;
				CLANG_CXX_LANGUAGE_STANDARD = "gnu++14";
				CLANG_CXX_LIBRARY = "libc++";
				CLANG_ENABLE_MODULES = YES;
				CLANG_ENABLE_OBJC_ARC = YES;
				CLANG_ENABLE_OBJC_WEAK = YES;
				CLANG_WARN_BLOCK_CAPTURE_AUTORELEASING = YES;
				CLANG_WARN_BOOL_CONVERSION = YES;
				CLANG_WARN_COMMA = YES;
				CLANG_WARN_CONSTANT_CONVERSION = YES;
				CLANG_WARN_DEPRECATED_OBJC_IMPLEMENTATIONS = YES;
				CLANG_WARN_DIRECT_OBJC_ISA_USAGE = YES_ERROR;
				CLANG_WARN_DOCUMENTATION_COMMENTS = YES;
				CLANG_WARN_EMPTY_BODY = YES;
				CLANG_WARN_ENUM_CONVERSION = YES;
				CLANG_WARN_INFINITE_RECURSION = YES;
				CLANG_WARN_INT_CONVERSION = YES;
				CLANG_WARN_NON_LITERAL_NULL_CONVERSION = YES;
				CLANG_WARN_OBJC_IMPLICIT_RETAIN_SELF = YES;
				CLANG_WARN_OBJC_LITERAL_CONVERSION = YES;
				CLANG_WARN_OBJC_ROOT_CLASS = YES_ERROR;
				CLANG_WARN_RANGE_LOOP_ANALYSIS = YES;
				CLANG_WARN_STRICT_PROTOTYPES = YES;
				CLANG_WARN_SUSPICIOUS_MOVE = YES;
				CLANG_WARN_UNGUARDED_AVAILABILITY = YES_AGGRESSIVE;
				CLANG_WARN_UNREACHABLE_CODE = YES;
				CLANG_WARN__DUPLICATE_METHOD_MATCH = YES;
				CODE_SIGN_IDENTITY = "iPhone Developer";
				COPY_PHASE_STRIP = NO;
				DEBUG_INFORMATION_FORMAT = "dwarf-with-dsym";
				ENABLE_NS_ASSERTIONS = NO;
				ENABLE_STRICT_OBJC_MSGSEND = YES;
				GCC_C_LANGUAGE_STANDARD = gnu11;
				GCC_NO_COMMON_BLOCKS = YES;
				GCC_WARN_64_TO_32_BIT_CONVERSION = YES;
				GCC_WARN_ABOUT_RETURN_TYPE = YES_ERROR;
				GCC_WARN_UNDECLARED_SELECTOR = YES;
				GCC_WARN_UNINITIALIZED_AUTOS = YES_AGGRESSIVE;
				GCC_WARN_UNUSED_FUNCTION = YES;
				GCC_WARN_UNUSED_VARIABLE = YES;
				IPHONEOS_DEPLOYMENT_TARGET = 12.2;
				MTL_ENABLE_DEBUG_INFO = NO;
				MTL_FAST_MATH = YES;
				SDKROOT = iphoneos;
				SWIFT_COMPILATION_MODE = wholemodule;
				SWIFT_OPTIMIZATION_LEVEL = "-O";
				VALIDATE_PRODUCT = YES;
			};
			name = Release;
		};
		929CD1E12263971000AC4348 /* Debug */ = {
			isa = XCBuildConfiguration;
			buildSettings = {
				ASSETCATALOG_COMPILER_APPICON_NAME = AppIcon;
				CODE_SIGN_STYLE = Automatic;
				DEVELOPMENT_TEAM = 4685UZJP77;
				INFOPLIST_FILE = RPS/Info.plist;
				IPHONEOS_DEPLOYMENT_TARGET = 10.0;
				LD_RUNPATH_SEARCH_PATHS = (
					"$(inherited)",
					"@executable_path/Frameworks",
				);
				PRODUCT_BUNDLE_IDENTIFIER = "Anthony-Marchenko.RPS";
				PRODUCT_NAME = "$(TARGET_NAME)";
				SWIFT_VERSION = 4.2;
				TARGETED_DEVICE_FAMILY = "1,2";
			};
			name = Debug;
		};
		929CD1E22263971000AC4348 /* Release */ = {
			isa = XCBuildConfiguration;
			buildSettings = {
				ASSETCATALOG_COMPILER_APPICON_NAME = AppIcon;
				CODE_SIGN_STYLE = Automatic;
				DEVELOPMENT_TEAM = 4685UZJP77;
				INFOPLIST_FILE = RPS/Info.plist;
				IPHONEOS_DEPLOYMENT_TARGET = 10.0;
				LD_RUNPATH_SEARCH_PATHS = (
					"$(inherited)",
					"@executable_path/Frameworks",
				);
				PRODUCT_BUNDLE_IDENTIFIER = "Anthony-Marchenko.RPS";
				PRODUCT_NAME = "$(TARGET_NAME)";
				SWIFT_VERSION = 4.2;
				TARGETED_DEVICE_FAMILY = "1,2";
			};
			name = Release;
		};
		929CD1E42263971000AC4348 /* Debug */ = {
			isa = XCBuildConfiguration;
			buildSettings = {
				ALWAYS_EMBED_SWIFT_STANDARD_LIBRARIES = YES;
				BUNDLE_LOADER = "$(TEST_HOST)";
				CODE_SIGN_STYLE = Automatic;
				DEVELOPMENT_TEAM = 4685UZJP77;
				INFOPLIST_FILE = RPSTests/Info.plist;
				LD_RUNPATH_SEARCH_PATHS = (
					"$(inherited)",
					"@executable_path/Frameworks",
					"@loader_path/Frameworks",
				);
				PRODUCT_BUNDLE_IDENTIFIER = "Anthony-Marchenko.RPSTests";
				PRODUCT_NAME = "$(TARGET_NAME)";
				SWIFT_VERSION = 4.2;
				TARGETED_DEVICE_FAMILY = "1,2";
				TEST_HOST = "$(BUILT_PRODUCTS_DIR)/RPS.app/RPS";
			};
			name = Debug;
		};
		929CD1E52263971000AC4348 /* Release */ = {
			isa = XCBuildConfiguration;
			buildSettings = {
				ALWAYS_EMBED_SWIFT_STANDARD_LIBRARIES = YES;
				BUNDLE_LOADER = "$(TEST_HOST)";
				CODE_SIGN_STYLE = Automatic;
				DEVELOPMENT_TEAM = 4685UZJP77;
				INFOPLIST_FILE = RPSTests/Info.plist;
				LD_RUNPATH_SEARCH_PATHS = (
					"$(inherited)",
					"@executable_path/Frameworks",
					"@loader_path/Frameworks",
				);
				PRODUCT_BUNDLE_IDENTIFIER = "Anthony-Marchenko.RPSTests";
				PRODUCT_NAME = "$(TARGET_NAME)";
				SWIFT_VERSION = 4.2;
				TARGETED_DEVICE_FAMILY = "1,2";
				TEST_HOST = "$(BUILT_PRODUCTS_DIR)/RPS.app/RPS";
			};
			name = Release;
		};
/* End XCBuildConfiguration section */

/* Begin XCConfigurationList section */
		929CD1BE2263970F00AC4348 /* Build configuration list for PBXProject "RPS" */ = {
			isa = XCConfigurationList;
			buildConfigurations = (
				929CD1DE2263971000AC4348 /* Debug */,
				929CD1DF2263971000AC4348 /* Release */,
			);
			defaultConfigurationIsVisible = 0;
			defaultConfigurationName = Release;
		};
		929CD1E02263971000AC4348 /* Build configuration list for PBXNativeTarget "RPS" */ = {
			isa = XCConfigurationList;
			buildConfigurations = (
				929CD1E12263971000AC4348 /* Debug */,
				929CD1E22263971000AC4348 /* Release */,
			);
			defaultConfigurationIsVisible = 0;
			defaultConfigurationName = Release;
		};
		929CD1E32263971000AC4348 /* Build configuration list for PBXNativeTarget "RPSTests" */ = {
			isa = XCConfigurationList;
			buildConfigurations = (
				929CD1E42263971000AC4348 /* Debug */,
				929CD1E52263971000AC4348 /* Release */,
			);
			defaultConfigurationIsVisible = 0;
			defaultConfigurationName = Release;
		};
/* End XCConfigurationList section */
	};
	rootObject = 929CD1BB2263970F00AC4348 /* Project object */;
}
