// !$*UTF8*$!
{
	archiveVersion = 1;
	classes = {
	};
	objectVersion = 46;
	objects = {

/* Begin PBXBuildFile section */
		4C70A3131CC4517D00D64014 /* AppDelegate.swift in Sources */ = {isa = PBXBuildFile; fileRef = 4C70A3121CC4517D00D64014 /* AppDelegate.swift */; };
		4C70A3151CC4517D00D64014 /* ViewController.swift in Sources */ = {isa = PBXBuildFile; fileRef = 4C70A3141CC4517D00D64014 /* ViewController.swift */; };
		4C70A3181CC4517D00D64014 /* Main.storyboard in Resources */ = {isa = PBXBuildFile; fileRef = 4C70A3161CC4517D00D64014 /* Main.storyboard */; };
		4C70A31A1CC4517D00D64014 /* Assets.xcassets in Resources */ = {isa = PBXBuildFile; fileRef = 4C70A3191CC4517D00D64014 /* Assets.xcassets */; };
		4C70A31D1CC4517D00D64014 /* LaunchScreen.storyboard in Resources */ = {isa = PBXBuildFile; fileRef = 4C70A31B1CC4517D00D64014 /* LaunchScreen.storyboard */; };
		4C70A3411CC4519D00D64014 /* QuestionAnswerer.swift in Sources */ = {isa = PBXBuildFile; fileRef = 4C70A3401CC4519D00D64014 /* QuestionAnswerer.swift */; };
/* End PBXBuildFile section */

/* Begin PBXFileReference section */
		4C70A30F1CC4517D00D64014 /* QuestionBot.app */ = {isa = PBXFileReference; explicitFileType = wrapper.application; includeInIndex = 0; path = QuestionBot.app; sourceTree = BUILT_PRODUCTS_DIR; };
		4C70A3121CC4517D00D64014 /* AppDelegate.swift */ = {isa = PBXFileReference; lastKnownFileType = sourcecode.swift; path = AppDelegate.swift; sourceTree = "<group>"; };
		4C70A3141CC4517D00D64014 /* ViewController.swift */ = {isa = PBXFileReference; lastKnownFileType = sourcecode.swift; path = ViewController.swift; sourceTree = "<group>"; };
		4C70A3171CC4517D00D64014 /* Base */ = {isa = PBXFileReference; lastKnownFileType = file.storyboard; name = Base; path = Base.lproj/Main.storyboard; sourceTree = "<group>"; };
		4C70A3191CC4517D00D64014 /* Assets.xcassets */ = {isa = PBXFileReference; lastKnownFileType = folder.assetcatalog; path = Assets.xcassets; sourceTree = "<group>"; };
		4C70A31C1CC4517D00D64014 /* Base */ = {isa = PBXFileReference; lastKnownFileType = file.storyboard; name = Base; path = Base.lproj/LaunchScreen.storyboard; sourceTree = "<group>"; };
		4C70A31E1CC4517D00D64014 /* Info.plist */ = {isa = PBXFileReference; lastKnownFileType = text.plist.xml; path = Info.plist; sourceTree = "<group>"; };
		4C70A3401CC4519D00D64014 /* QuestionAnswerer.swift */ = {isa = PBXFileReference; fileEncoding = 4; lastKnownFileType = sourcecode.swift; path = QuestionAnswerer.swift; sourceTree = "<group>"; };
/* End PBXFileReference section */

/* Begin PBXFrameworksBuildPhase section */
		4C70A30C1CC4517D00D64014 /* Frameworks */ = {
			isa = PBXFrameworksBuildPhase;
			buildActionMask = 2147483647;
			files = (
			);
			runOnlyForDeploymentPostprocessing = 0;
		};
/* End PBXFrameworksBuildPhase section */

/* Begin PBXGroup section */
		4C70A3061CC4517D00D64014 = {
			isa = PBXGroup;
			children = (
				4C70A3111CC4517D00D64014 /* QuestionBot */,
				4C70A3101CC4517D00D64014 /* Products */,
			);
			sourceTree = "<group>";
		};
		4C70A3101CC4517D00D64014 /* Products */ = {
			isa = PBXGroup;
			children = (
				4C70A30F1CC4517D00D64014 /* QuestionBot.app */,
			);
			name = Products;
			sourceTree = "<group>";
		};
		4C70A3111CC4517D00D64014 /* QuestionBot */ = {
			isa = PBXGroup;
			children = (
				4C70A3121CC4517D00D64014 /* AppDelegate.swift */,
				4C70A3141CC4517D00D64014 /* ViewController.swift */,
				4C70A3401CC4519D00D64014 /* QuestionAnswerer.swift */,
				4C70A3161CC4517D00D64014 /* Main.storyboard */,
				4C70A3191CC4517D00D64014 /* Assets.xcassets */,
				4C70A31B1CC4517D00D64014 /* LaunchScreen.storyboard */,
				4C70A31E1CC4517D00D64014 /* Info.plist */,
			);
			path = QuestionBot;
			sourceTree = "<group>";
		};
/* End PBXGroup section */

/* Begin PBXNativeTarget section */
		4C70A30E1CC4517D00D64014 /* QuestionBot */ = {
			isa = PBXNativeTarget;
			buildConfigurationList = 4C70A3371CC4517D00D64014 /* Build configuration list for PBXNativeTarget "QuestionBot" */;
			buildPhases = (
				4C70A30B1CC4517D00D64014 /* Sources */,
				4C70A30C1CC4517D00D64014 /* Frameworks */,
				4C70A30D1CC4517D00D64014 /* Resources */,
			);
			buildRules = (
			);
			dependencies = (
			);
			name = QuestionBot;
			productName = QuestionBot;
			productReference = 4C70A30F1CC4517D00D64014 /* QuestionBot.app */;
			productType = "com.apple.product-type.application";
		};
/* End PBXNativeTarget section */

/* Begin PBXProject section */
		4C70A3071CC4517D00D64014 /* Project object */ = {
			isa = PBXProject;
			attributes = {
				LastSwiftUpdateCheck = 0730;
				LastUpgradeCheck = 0900;
				ORGANIZATIONNAME = "Apple Inc.";
				TargetAttributes = {
					4C70A30E1CC4517D00D64014 = {
						CreatedOnToolsVersion = 7.3;
						LastSwiftMigration = 0900;
					};
				};
			};
			buildConfigurationList = 4C70A30A1CC4517D00D64014 /* Build configuration list for PBXProject "QuestionBot" */;
			compatibilityVersion = "Xcode 3.2";
			developmentRegion = English;
			hasScannedForEncodings = 0;
			knownRegions = (
				en,
				Base,
			);
			mainGroup = 4C70A3061CC4517D00D64014;
			productRefGroup = 4C70A3101CC4517D00D64014 /* Products */;
			projectDirPath = "";
			projectRoot = "";
			targets = (
				4C70A30E1CC4517D00D64014 /* QuestionBot */,
			);
		};
/* End PBXProject section */

/* Begin PBXResourcesBuildPhase section */
		4C70A30D1CC4517D00D64014 /* Resources */ = {
			isa = PBXResourcesBuildPhase;
			buildActionMask = 2147483647;
			files = (
				4C70A31D1CC4517D00D64014 /* LaunchScreen.storyboard in Resources */,
				4C70A31A1CC4517D00D64014 /* Assets.xcassets in Resources */,
				4C70A3181CC4517D00D64014 /* Main.storyboard in Resources */,
			);
			runOnlyForDeploymentPostprocessing = 0;
		};
/* End PBXResourcesBuildPhase section */

/* Begin PBXSourcesBuildPhase section */
		4C70A30B1CC4517D00D64014 /* Sources */ = {
			isa = PBXSourcesBuildPhase;
			buildActionMask = 2147483647;
			files = (
				4C70A3151CC4517D00D64014 /* ViewController.swift in Sources */,
				4C70A3411CC4519D00D64014 /* QuestionAnswerer.swift in Sources */,
				4C70A3131CC4517D00D64014 /* AppDelegate.swift in Sources */,
			);
			runOnlyForDeploymentPostprocessing = 0;
		};
/* End PBXSourcesBuildPhase section */

/* Begin PBXVariantGroup section */
		4C70A3161CC4517D00D64014 /* Main.storyboard */ = {
			isa = PBXVariantGroup;
			children = (
				4C70A3171CC4517D00D64014 /* Base */,
			);
			name = Main.storyboard;
			sourceTree = "<group>";
		};
		4C70A31B1CC4517D00D64014 /* LaunchScreen.storyboard */ = {
			isa = PBXVariantGroup;
			children = (
				4C70A31C1CC4517D00D64014 /* Base */,
			);
			name = LaunchScreen.storyboard;
			sourceTree = "<group>";
		};
/* End PBXVariantGroup section */

/* Begin XCBuildConfiguration section */
		4C70A3351CC4517D00D64014 /* Debug */ = {
			isa = XCBuildConfiguration;
			buildSettings = {
				ALWAYS_SEARCH_USER_PATHS = NO;
				CLANG_ANALYZER_NONNULL = YES;
				CLANG_CXX_LANGUAGE_STANDARD = "gnu++0x";
				CLANG_CXX_LIBRARY = "libc++";
				CLANG_ENABLE_MODULES = YES;
				CLANG_ENABLE_OBJC_ARC = YES;
				CLANG_WARN_BLOCK_CAPTURE_AUTORELEASING = YES;
				CLANG_WARN_BOOL_CONVERSION = YES;
				CLANG_WARN_COMMA = YES;
				CLANG_WARN_CONSTANT_CONVERSION = YES;
				CLANG_WARN_DIRECT_OBJC_ISA_USAGE = YES_ERROR;
				CLANG_WARN_EMPTY_BODY = YES;
				CLANG_WARN_ENUM_CONVERSION = YES;
				CLANG_WARN_INFINITE_RECURSION = YES;
				CLANG_WARN_INT_CONVERSION = YES;
				CLANG_WARN_NON_LITERAL_NULL_CONVERSION = YES;
				CLANG_WARN_OBJC_LITERAL_CONVERSION = YES;
				CLANG_WARN_OBJC_ROOT_CLASS = YES_ERROR;
				CLANG_WARN_RANGE_LOOP_ANALYSIS = YES;
				CLANG_WARN_STRICT_PROTOTYPES = YES;
				CLANG_WARN_SUSPICIOUS_MOVE = YES;
				CLANG_WARN_UNREACHABLE_CODE = YES;
				CLANG_WARN__DUPLICATE_METHOD_MATCH = YES;
				"CODE_SIGN_IDENTITY[sdk=iphoneos*]" = "iPhone Developer";
				COPY_PHASE_STRIP = NO;
				DEBUG_INFORMATION_FORMAT = dwarf;
				ENABLE_STRICT_OBJC_MSGSEND = YES;
				ENABLE_TESTABILITY = YES;
				GCC_C_LANGUAGE_STANDARD = gnu99;
				GCC_DYNAMIC_NO_PIC = NO;
				GCC_NO_COMMON_BLOCKS = YES;
				GCC_OPTIMIZATION_LEVEL = 0;
				GCC_PREPROCESSOR_DEFINITIONS = (
					"DEBUG=1",
					"$(inherited)",
				);
				GCC_WARN_64_TO_32_BIT_CONVERSION = YES;
				GCC_WARN_ABOUT_RETURN_TYPE = YES_ERROR;
				GCC_WARN_UNDECLARED_SELECTOR = YES;
				GCC_WARN_UNINITIALIZED_AUTOS = YES_AGGRESSIVE;
				GCC_WARN_UNUSED_FUNCTION = YES;
				GCC_WARN_UNUSED_VARIABLE = YES;
				IPHONEOS_DEPLOYMENT_TARGET = 9.3;
				MTL_ENABLE_DEBUG_INFO = YES;
				ONLY_ACTIVE_ARCH = YES;
				SDKROOT = iphoneos;
				SWIFT_OPTIMIZATION_LEVEL = "-Onone";
				TARGETED_DEVICE_FAMILY = "1,2";
			};
			name = Debug;
		};
		4C70A3361CC4517D00D64014 /* Release */ = {
			isa = XCBuildConfiguration;
			buildSettings = {
				ALWAYS_SEARCH_USER_PATHS = NO;
				CLANG_ANALYZER_NONNULL = YES;
				CLANG_CXX_LANGUAGE_STANDARD = "gnu++0x";
				CLANG_CXX_LIBRARY = "libc++";
				CLANG_ENABLE_MODULES = YES;
				CLANG_ENABLE_OBJC_ARC = YES;
				CLANG_WARN_BLOCK_CAPTURE_AUTORELEASING = YES;
				CLANG_WARN_BOOL_CONVERSION = YES;
				CLANG_WARN_COMMA = YES;
				CLANG_WARN_CONSTANT_CONVERSION = YES;
				CLANG_WARN_DIRECT_OBJC_ISA_USAGE = YES_ERROR;
				CLANG_WARN_EMPTY_BODY = YES;
				CLANG_WARN_ENUM_CONVERSION = YES;
				CLANG_WARN_INFINITE_RECURSION = YES;
				CLANG_WARN_INT_CONVERSION = YES;
				CLANG_WARN_NON_LITERAL_NULL_CONVERSION = YES;
				CLANG_WARN_OBJC_LITERAL_CONVERSION = YES;
				CLANG_WARN_OBJC_ROOT_CLASS = YES_ERROR;
				CLANG_WARN_RANGE_LOOP_ANALYSIS = YES;
				CLANG_WARN_STRICT_PROTOTYPES = YES;
				CLANG_WARN_SUSPICIOUS_MOVE = YES;
				CLANG_WARN_UNREACHABLE_CODE = YES;
				CLANG_WARN__DUPLICATE_METHOD_MATCH = YES;
				"CODE_SIGN_IDENTITY[sdk=iphoneos*]" = "iPhone Developer";
				COPY_PHASE_STRIP = NO;
				DEBUG_INFORMATION_FORMAT = "dwarf-with-dsym";
				ENABLE_NS_ASSERTIONS = NO;
				ENABLE_STRICT_OBJC_MSGSEND = YES;
				GCC_C_LANGUAGE_STANDARD = gnu99;
				GCC_NO_COMMON_BLOCKS = YES;
				GCC_WARN_64_TO_32_BIT_CONVERSION = YES;
				GCC_WARN_ABOUT_RETURN_TYPE = YES_ERROR;
				GCC_WARN_UNDECLARED_SELECTOR = YES;
				GCC_WARN_UNINITIALIZED_AUTOS = YES_AGGRESSIVE;
				GCC_WARN_UNUSED_FUNCTION = YES;
				GCC_WARN_UNUSED_VARIABLE = YES;
				IPHONEOS_DEPLOYMENT_TARGET = 9.3;
				MTL_ENABLE_DEBUG_INFO = NO;
				SDKROOT = iphoneos;
				TARGETED_DEVICE_FAMILY = "1,2";
				VALIDATE_PRODUCT = YES;
			};
			name = Release;
		};
		4C70A3381CC4517D00D64014 /* Debug */ = {
			isa = XCBuildConfiguration;
			buildSettings = {
				ASSETCATALOG_COMPILER_APPICON_NAME = AppIcon;
				INFOPLIST_FILE = QuestionBot/Info.plist;
				LD_RUNPATH_SEARCH_PATHS = "$(inherited) @executable_path/Frameworks";
				PRODUCT_BUNDLE_IDENTIFIER = com.example.QuestionBot;
				PRODUCT_NAME = "$(TARGET_NAME)";
				SWIFT_SWIFT3_OBJC_INFERENCE = Default;
				SWIFT_VERSION = 4.0;
			};
			name = Debug;
		};
		4C70A3391CC4517D00D64014 /* Release */ = {
			isa = XCBuildConfiguration;
			buildSettings = {
				ASSETCATALOG_COMPILER_APPICON_NAME = AppIcon;
				INFOPLIST_FILE = QuestionBot/Info.plist;
				LD_RUNPATH_SEARCH_PATHS = "$(inherited) @executable_path/Frameworks";
				PRODUCT_BUNDLE_IDENTIFIER = com.example.QuestionBot;
				PRODUCT_NAME = "$(TARGET_NAME)";
				SWIFT_OPTIMIZATION_LEVEL = "-Owholemodule";
				SWIFT_SWIFT3_OBJC_INFERENCE = Default;
				SWIFT_VERSION = 4.0;
			};
			name = Release;
		};
/* End XCBuildConfiguration section */

/* Begin XCConfigurationList section */
		4C70A30A1CC4517D00D64014 /* Build configuration list for PBXProject "QuestionBot" */ = {
			isa = XCConfigurationList;
			buildConfigurations = (
				4C70A3351CC4517D00D64014 /* Debug */,
				4C70A3361CC4517D00D64014 /* Release */,
			);
			defaultConfigurationIsVisible = 0;
			defaultConfigurationName = Release;
		};
		4C70A3371CC4517D00D64014 /* Build configuration list for PBXNativeTarget "QuestionBot" */ = {
			isa = XCConfigurationList;
			buildConfigurations = (
				4C70A3381CC4517D00D64014 /* Debug */,
				4C70A3391CC4517D00D64014 /* Release */,
			);
			defaultConfigurationIsVisible = 0;
			defaultConfigurationName = Release;
		};
/* End XCConfigurationList section */
	};
	rootObject = 4C70A3071CC4517D00D64014 /* Project object */;
}
